{
  "version": 4,
  "terraform_version": "1.4.6",
  "serial": 41,
  "lineage": "69cc42fa-a9c4-659e-50f5-f08577a5710c",
  "outputs": {},
  "resources": [
    {
      "mode": "managed",
      "type": "google_compute_address",
      "name": "vm-lnx-01-ip",
      "provider": "provider[\"registry.terraform.io/hashicorp/google\"]",
      "instances": [
        {
          "schema_version": 0,
          "attributes": {
            "address": "34.22.177.197",
            "address_type": "EXTERNAL",
            "creation_timestamp": "2023-06-11T23:43:19.054-07:00",
            "description": "",
            "id": "projects/coastal-stone-389311/regions/europe-west1/addresses/vm-lnx-01-ip",
            "name": "vm-lnx-01-ip",
            "network": "",
            "network_tier": "PREMIUM",
            "prefix_length": 0,
            "project": "coastal-stone-389311",
            "purpose": "",
            "region": "europe-west1",
            "self_link": "https://www.googleapis.com/compute/v1/projects/coastal-stone-389311/regions/europe-west1/addresses/vm-lnx-01-ip",
            "subnetwork": "",
            "timeouts": null,
            "users": [
              "https://www.googleapis.com/compute/v1/projects/coastal-stone-389311/zones/europe-west1-b/instances/vm-lnx-01"
            ]
          },
          "sensitive_attributes": [],
          "private": "eyJlMmJmYjczMC1lY2FhLTExZTYtOGY4OC0zNDM2M2JjN2M0YzAiOnsiY3JlYXRlIjoxMjAwMDAwMDAwMDAwLCJkZWxldGUiOjEyMDAwMDAwMDAwMDB9fQ=="
        }
      ]
    },
    {
      "mode": "managed",
      "type": "google_compute_firewall",
      "name": "ssh",
      "provider": "provider[\"registry.terraform.io/hashicorp/google\"]",
      "instances": [
        {
          "schema_version": 1,
          "attributes": {
            "allow": [
              {
                "ports": [
                  "22"
                ],
                "protocol": "tcp"
              }
            ],
            "creation_timestamp": "2023-06-11T23:43:19.039-07:00",
            "deny": [],
            "description": "",
            "destination_ranges": [],
            "direction": "INGRESS",
            "disabled": false,
            "enable_logging": null,
            "id": "projects/coastal-stone-389311/global/firewalls/vcp-allow-ssh",
            "log_config": [],
            "name": "vcp-allow-ssh",
            "network": "https://www.googleapis.com/compute/v1/projects/coastal-stone-389311/global/networks/coastal-stone-389311-vpc",
            "priority": 1000,
            "project": "coastal-stone-389311",
            "self_link": "https://www.googleapis.com/compute/v1/projects/coastal-stone-389311/global/firewalls/vcp-allow-ssh",
            "source_ranges": [
              "0.0.0.0/0"
            ],
            "source_service_accounts": [],
            "source_tags": [],
            "target_service_accounts": [],
            "target_tags": [],
            "timeouts": null
          },
          "sensitive_attributes": [],
          "private": "eyJlMmJmYjczMC1lY2FhLTExZTYtOGY4OC0zNDM2M2JjN2M0YzAiOnsiY3JlYXRlIjoxMjAwMDAwMDAwMDAwLCJkZWxldGUiOjEyMDAwMDAwMDAwMDAsInVwZGF0ZSI6MTIwMDAwMDAwMDAwMH0sInNjaGVtYV92ZXJzaW9uIjoiMSJ9"
        }
      ]
    },
    {
      "mode": "managed",
      "type": "google_compute_instance",
      "name": "vm-lnx-01",
      "provider": "provider[\"registry.terraform.io/hashicorp/google\"]",
      "instances": [
        {
          "schema_version": 6,
          "attributes": {
            "advanced_machine_features": [],
            "allow_stopping_for_update": null,
            "attached_disk": [],
            "boot_disk": [
              {
                "auto_delete": true,
                "device_name": "persistent-disk-0",
                "disk_encryption_key_raw": "",
                "disk_encryption_key_sha256": "",
                "initialize_params": [
                  {
                    "image": "https://www.googleapis.com/compute/v1/projects/debian-cloud/global/images/debian-11-bullseye-v20230509",
                    "labels": {},
                    "size": 10,
                    "type": "pd-standard"
                  }
                ],
                "kms_key_self_link": "",
                "mode": "READ_WRITE",
                "source": "https://www.googleapis.com/compute/v1/projects/coastal-stone-389311/zones/europe-west1-b/disks/vm-lnx-01"
              }
            ],
            "can_ip_forward": false,
            "confidential_instance_config": [],
            "cpu_platform": "Intel Broadwell",
            "current_status": "RUNNING",
            "deletion_protection": false,
            "description": "",
            "desired_status": null,
            "enable_display": false,
            "guest_accelerator": [],
            "hostname": "",
            "id": "projects/coastal-stone-389311/zones/europe-west1-b/instances/vm-lnx-01",
            "instance_id": "2313569564013297785",
            "label_fingerprint": "42WmSpB8rSM=",
            "labels": {},
            "machine_type": "e2-micro",
            "metadata": {
              "disable-legacy-endpoint": "true"
            },
            "metadata_fingerprint": "E-IbDsbYC8A=",
            "metadata_startup_script": null,
            "min_cpu_platform": "",
            "name": "vm-lnx-01",
            "network_interface": [
              {
                "access_config": [
                  {
                    "nat_ip": "34.22.177.197",
                    "network_tier": "PREMIUM",
                    "public_ptr_domain_name": ""
                  }
                ],
                "alias_ip_range": [],
                "ipv6_access_config": [],
                "ipv6_access_type": "",
                "name": "nic0",
                "network": "https://www.googleapis.com/compute/v1/projects/coastal-stone-389311/global/networks/coastal-stone-389311-vpc",
                "network_ip": "172.10.0.2",
                "nic_type": "",
                "queue_count": 0,
                "stack_type": "IPV4_ONLY",
                "subnetwork": "https://www.googleapis.com/compute/v1/projects/coastal-stone-389311/regions/europe-west1/subnetworks/coastal-stone-389311-subnet",
                "subnetwork_project": "coastal-stone-389311"
              }
            ],
            "project": "coastal-stone-389311",
            "reservation_affinity": [],
            "resource_policies": [],
            "scheduling": [
              {
                "automatic_restart": true,
                "instance_termination_action": "",
                "min_node_cpus": 0,
                "node_affinities": [],
                "on_host_maintenance": "MIGRATE",
                "preemptible": false,
                "provisioning_model": "STANDARD"
              }
            ],
            "scratch_disk": [],
            "self_link": "https://www.googleapis.com/compute/v1/projects/coastal-stone-389311/zones/europe-west1-b/instances/vm-lnx-01",
            "service_account": [],
            "shielded_instance_config": [
              {
                "enable_integrity_monitoring": true,
                "enable_secure_boot": false,
                "enable_vtpm": true
              }
            ],
            "tags": [],
            "tags_fingerprint": "42WmSpB8rSM=",
            "timeouts": null,
            "zone": "europe-west1-b"
          },
          "sensitive_attributes": [],
          "private": "eyJlMmJmYjczMC1lY2FhLTExZTYtOGY4OC0zNDM2M2JjN2M0YzAiOnsiY3JlYXRlIjoxMjAwMDAwMDAwMDAwLCJkZWxldGUiOjEyMDAwMDAwMDAwMDAsInVwZGF0ZSI6MTIwMDAwMDAwMDAwMH0sInNjaGVtYV92ZXJzaW9uIjoiNiJ9",
          "dependencies": [
            "google_compute_address.vm-lnx-01-ip"
          ]
        }
      ]
    },
    {
      "mode": "managed",
      "type": "google_compute_network",
      "name": "vpc",
      "provider": "provider[\"registry.terraform.io/hashicorp/google\"]",
      "instances": [
        {
          "schema_version": 0,
          "attributes": {
            "auto_create_subnetworks": false,
            "delete_default_routes_on_create": false,
            "description": "",
            "enable_ula_internal_ipv6": false,
            "gateway_ipv4": "",
            "id": "projects/coastal-stone-389311/global/networks/coastal-stone-389311-vpc",
            "internal_ipv6_range": "",
            "mtu": 0,
            "name": "coastal-stone-389311-vpc",
            "network_firewall_policy_enforcement_order": "AFTER_CLASSIC_FIREWALL",
            "project": "coastal-stone-389311",
            "routing_mode": "REGIONAL",
            "self_link": "https://www.googleapis.com/compute/v1/projects/coastal-stone-389311/global/networks/coastal-stone-389311-vpc",
            "timeouts": null
          },
          "sensitive_attributes": [],
          "private": "eyJlMmJmYjczMC1lY2FhLTExZTYtOGY4OC0zNDM2M2JjN2M0YzAiOnsiY3JlYXRlIjoxMjAwMDAwMDAwMDAwLCJkZWxldGUiOjEyMDAwMDAwMDAwMDAsInVwZGF0ZSI6MTIwMDAwMDAwMDAwMH19"
        }
      ]
    },
    {
      "mode": "managed",
      "type": "google_compute_subnetwork",
      "name": "subnet",
      "provider": "provider[\"registry.terraform.io/hashicorp/google\"]",
      "instances": [
        {
          "schema_version": 0,
          "attributes": {
            "creation_timestamp": "2023-06-11T23:43:19.651-07:00",
            "description": "",
            "external_ipv6_prefix": "",
            "fingerprint": null,
            "gateway_address": "172.10.0.1",
            "id": "projects/coastal-stone-389311/regions/europe-west1/subnetworks/coastal-stone-389311-subnet",
            "ip_cidr_range": "172.10.0.0/20",
            "ipv6_access_type": "",
            "ipv6_cidr_range": "",
            "log_config": [],
            "name": "coastal-stone-389311-subnet",
            "network": "https://www.googleapis.com/compute/v1/projects/coastal-stone-389311/global/networks/coastal-stone-389311-vpc",
            "private_ip_google_access": true,
            "private_ipv6_google_access": "DISABLE_GOOGLE_ACCESS",
            "project": "coastal-stone-389311",
            "purpose": "PRIVATE",
            "region": "europe-west1",
            "role": "",
            "secondary_ip_range": [
              {
                "ip_cidr_range": "10.84.0.0/20",
                "range_name": "gke-coastal-stone-389311-services-d5db46a8"
              },
              {
                "ip_cidr_range": "10.80.0.0/14",
                "range_name": "gke-coastal-stone-389311-pods-d5db46a8"
              }
            ],
            "self_link": "https://www.googleapis.com/compute/v1/projects/coastal-stone-389311/regions/europe-west1/subnetworks/coastal-stone-389311-subnet",
            "stack_type": "IPV4_ONLY",
            "timeouts": null
          },
          "sensitive_attributes": [],
          "private": "eyJlMmJmYjczMC1lY2FhLTExZTYtOGY4OC0zNDM2M2JjN2M0YzAiOnsiY3JlYXRlIjoxMjAwMDAwMDAwMDAwLCJkZWxldGUiOjEyMDAwMDAwMDAwMDAsInVwZGF0ZSI6MTIwMDAwMDAwMDAwMH19"
        }
      ]
    },
    {
      "mode": "managed",
      "type": "google_container_cluster",
      "name": "main",
      "provider": "provider[\"registry.terraform.io/hashicorp/google\"]",
      "instances": [
        {
          "schema_version": 1,
          "attributes": {
            "addons_config": [
              {
                "cloudrun_config": [],
                "config_connector_config": [],
                "dns_cache_config": [],
                "gce_persistent_disk_csi_driver_config": [
                  {
                    "enabled": true
                  }
                ],
                "gcp_filestore_csi_driver_config": [],
                "gke_backup_agent_config": [],
                "horizontal_pod_autoscaling": [],
                "http_load_balancing": [],
                "network_policy_config": [
                  {
                    "disabled": true
                  }
                ]
              }
            ],
            "authenticator_groups_config": [],
            "binary_authorization": [
              {
                "enabled": false,
                "evaluation_mode": ""
              }
            ],
            "cluster_autoscaling": [
              {
                "auto_provisioning_defaults": [],
                "enabled": false,
                "resource_limits": []
              }
            ],
            "cluster_ipv4_cidr": "10.80.0.0/14",
            "confidential_nodes": [],
            "cost_management_config": [],
            "database_encryption": [
              {
                "key_name": "",
                "state": "DECRYPTED"
              }
            ],
            "datapath_provider": "",
            "default_max_pods_per_node": 110,
            "default_snat_status": [
              {
                "disabled": false
              }
            ],
            "description": "",
            "dns_config": [],
            "enable_autopilot": false,
            "enable_binary_authorization": false,
            "enable_intranode_visibility": false,
            "enable_kubernetes_alpha": false,
            "enable_l4_ilb_subsetting": false,
            "enable_legacy_abac": true,
            "enable_shielded_nodes": true,
            "enable_tpu": false,
            "endpoint": "35.240.62.84",
            "gateway_api_config": [],
            "id": "projects/coastal-stone-389311/locations/europe-west1/clusters/coastal-stone-389311",
            "initial_node_count": 1,
            "ip_allocation_policy": [
              {
                "cluster_ipv4_cidr_block": "10.80.0.0/14",
                "cluster_secondary_range_name": "gke-coastal-stone-389311-pods-d5db46a8",
                "pod_cidr_overprovision_config": [
                  {
                    "disabled": false
                  }
                ],
                "services_ipv4_cidr_block": "10.84.0.0/20",
                "services_secondary_range_name": "gke-coastal-stone-389311-services-d5db46a8",
                "stack_type": "IPV4"
              }
            ],
            "label_fingerprint": "a9dc16a7",
            "location": "europe-west1",
            "logging_config": [
              {
                "enable_components": [
                  "SYSTEM_COMPONENTS",
                  "WORKLOADS"
                ]
              }
            ],
            "logging_service": "logging.googleapis.com/kubernetes",
            "maintenance_policy": [],
            "master_auth": [
              {
                "client_certificate": "",
                "client_certificate_config": [
                  {
                    "issue_client_certificate": false
                  }
                ],
                "client_key": "",
                "cluster_ca_certificate": "LS0tLS1CRUdJTiBDRVJUSUZJQ0FURS0tLS0tCk1JSUVMRENDQXBTZ0F3SUJBZ0lRRkJMdXRwQmNMcmJPbWM1UXFzKzh1ekFOQmdrcWhraUc5dzBCQVFzRkFEQXYKTVMwd0t3WURWUVFERXlRMk5EUXhNV1ZoWXkxa1l6YzBMVFF4WldVdE9UVmhaaTB5WVRSaFpqZ3pOelE1TXpjdwpJQmNOTWpNd05qRXlNRFUwTXpFNVdoZ1BNakExTXpBMk1EUXdOalF6TVRsYU1DOHhMVEFyQmdOVkJBTVRKRFkwCk5ERXhaV0ZqTFdSak56UXROREZsWlMwNU5XRm1MVEpoTkdGbU9ETTNORGt6TnpDQ0FhSXdEUVlKS29aSWh2Y04KQVFFQkJRQURnZ0dQQURDQ0FZb0NnZ0dCQUlvdTJvNUZ0b2lDN25TSHZWWU9nTVpaN3ZzNHZERERBVnp3NXVsSQpXZ25HMkJuS01MZVltMzljZEhhZnZMOFBOSGx2eHBDa3FYazk1QUJ3VEdpdTRtaTFLL1crcG42MkJ5VVRvWmQ4CktmcE9PSGprc0NtbFFrZEZSWi90eU5YbURQU2t2VTdoTUdvMVRza290WmdqMVh1UVhhNkFNZzl2OStMcTFZRG0KUVZtVWlkMjQybkFXMlpUeVdtQS9NSTJOWkV3SkNnV3JITHBBcXU2Z2kwNVVJdi9nNXBsbThoa0xjWUxOUDc2Rgp4MXM0M0NIQ25yUUJjZ2VLeGV6ZG1XeDZrVGFIMEY0RkpZNkx6YkdHRXNwMjZoMCtFS3p5Y3VhdXBrckx6cEJ4CjRVRUVIY0RWdWlERm5pYlI3K3pJditNVVd3bnQwZERoMUhGOUNOcmJ0ZXNCZ1RIMW1EUUszSTRBQ1kvUURRcEkKVFJhWkFSQllDMklzcEJZanhKdkdLdERaM09VZDh4UVM0RHY5VVRkNkFaY3lyOXlQNURPOUZSMnIrRWRBSGhxcgpkMWUwQlNUdkNXbzFHWjBaRHEzaVU0MDVSUHN2YURhOVVFQTFHUlY1V3lLK2FxZmUrRXljS2tQRU1GTTRhSzU3Cmp5MmdmRjh1SmltWTVvRlJ0SDFTMzl6WWpRSURBUUFCbzBJd1FEQU9CZ05WSFE4QkFmOEVCQU1DQWdRd0R3WUQKVlIwVEFRSC9CQVV3QXdFQi96QWRCZ05WSFE0RUZnUVVTUE9Jd1lUQTZYTSsyZ1FEd3BJNDgxdWFDTHd3RFFZSgpLb1pJaHZjTkFRRUxCUUFEZ2dHQkFJS2NmUmR1dDhobW84TDBRQUFwZFVsblNRbTBVVFdYMUpHeExhRXhzc3cwClFQYk15WVJRWnFBaTZtb1hxKzY1dWxaWnZyQk00K0hXZ3dLZFZjdW51Q0F5RU1talZ3S0UreFlLK2gxdzRhZUUKeDZhZGE2aDgrNll2Y3BRRlROVFowaVJmalhiM082dDUva2N1aTI4YmhvTHAyU013cXJsSWNzNzYyakZlcWZBVQp5RWovK1pCelBHYWdKQlMrMUhaQmNwL3BzeXByU1hURGJTTUNvQWZOalhQVTlvZWtlbko1aXc0UEloSnorZlJsCmNRWXZNcWtQNGNOZHZGUGlaNUUwOExOVlB0RjhzSFlhY004UjFEdHEyOWRwdzZIQjdJRExjMXEzM0laMEhGRWQKK1pxUktRSHRXNDRXbTVrMkY3U2FQVXZTeDBRUkp1WUE2aHlDZ09nR3BPK0Y1TTZZV25rTFE4R29WM3NoQS80Rwo2TjI5TXJsZ05LVUU2a25NdU5KTTdWZXcyWllIaVVtN21RN1Vab2Y4dlMyejJqZjNoQ2R5RHM2MVpTWDdoSWVYCkh0NzFsU2gvbURBQis0WjFoU05vMFY2SnVnbGVnQWJjUnZWNzFLcGlsRVdLemQycjNuZThQUVF6czdmY3Y2UTMKeHJackVsc3hlblpyWkFHQWFRcjRBQT09Ci0tLS0tRU5EIENFUlRJRklDQVRFLS0tLS0K"
              }
            ],
            "master_authorized_networks_config": [],
            "master_version": "1.21.14-gke.18800",
            "mesh_certificates": [],
            "min_master_version": "1.21",
            "monitoring_config": [
              {
                "enable_components": [
                  "SYSTEM_COMPONENTS"
                ],
                "managed_prometheus": []
              }
            ],
            "monitoring_service": "monitoring.googleapis.com/kubernetes",
            "name": "coastal-stone-389311",
            "network": "projects/coastal-stone-389311/global/networks/coastal-stone-389311-vpc",
            "network_policy": [
              {
                "enabled": false,
                "provider": "PROVIDER_UNSPECIFIED"
              }
            ],
            "networking_mode": "VPC_NATIVE",
            "node_config": [
              {
                "advanced_machine_features": [],
                "boot_disk_kms_key": "",
                "disk_size_gb": 100,
                "disk_type": "pd-standard",
                "ephemeral_storage_local_ssd_config": [],
                "gcfs_config": [],
                "guest_accelerator": [],
                "gvnic": [],
                "image_type": "COS_CONTAINERD",
                "kubelet_config": [],
                "labels": {
                  "env": "coastal-stone-389311"
                },
                "linux_node_config": [],
                "local_nvme_ssd_block_config": [],
                "local_ssd_count": 0,
                "logging_variant": "DEFAULT",
                "machine_type": "e2-medium",
                "metadata": {
                  "disable-legacy-endpoints": "true"
                },
                "min_cpu_platform": "",
                "node_group": "",
                "oauth_scopes": [
                  "https://www.googleapis.com/auth/logging.write",
                  "https://www.googleapis.com/auth/monitoring"
                ],
                "preemptible": false,
                "reservation_affinity": [],
                "resource_labels": {},
                "service_account": "default",
                "shielded_instance_config": [
                  {
                    "enable_integrity_monitoring": true,
                    "enable_secure_boot": false
                  }
                ],
                "spot": false,
                "tags": [
                  "gke-node",
                  "coastal-stone-389311-gke"
                ],
                "taint": [],
                "workload_metadata_config": []
              }
            ],
            "node_locations": [
              "europe-west1-b",
              "europe-west1-c",
              "europe-west1-d"
            ],
            "node_pool": [
              {
                "autoscaling": [],
                "initial_node_count": 0,
                "instance_group_urls": [
                  "https://www.googleapis.com/compute/v1/projects/coastal-stone-389311/zones/europe-west1-d/instanceGroupManagers/gke-coastal-stone-38-coastal-stone-38-28bd9285-grp",
                  "https://www.googleapis.com/compute/v1/projects/coastal-stone-389311/zones/europe-west1-c/instanceGroupManagers/gke-coastal-stone-38-coastal-stone-38-c10bc330-grp",
                  "https://www.googleapis.com/compute/v1/projects/coastal-stone-389311/zones/europe-west1-b/instanceGroupManagers/gke-coastal-stone-38-coastal-stone-38-0bfdc95d-grp"
                ],
                "managed_instance_group_urls": [
                  "https://www.googleapis.com/compute/v1/projects/coastal-stone-389311/zones/europe-west1-d/instanceGroups/gke-coastal-stone-38-coastal-stone-38-28bd9285-grp",
                  "https://www.googleapis.com/compute/v1/projects/coastal-stone-389311/zones/europe-west1-c/instanceGroups/gke-coastal-stone-38-coastal-stone-38-c10bc330-grp",
                  "https://www.googleapis.com/compute/v1/projects/coastal-stone-389311/zones/europe-west1-b/instanceGroups/gke-coastal-stone-38-coastal-stone-38-0bfdc95d-grp"
                ],
                "management": [
                  {
                    "auto_repair": true,
                    "auto_upgrade": true
                  }
                ],
                "max_pods_per_node": 110,
                "name": "coastal-stone-389311",
                "name_prefix": "",
                "network_config": [
                  {
                    "create_pod_range": false,
                    "enable_private_nodes": false,
                    "pod_cidr_overprovision_config": [],
                    "pod_ipv4_cidr_block": "10.80.0.0/14",
                    "pod_range": "gke-coastal-stone-389311-pods-d5db46a8"
                  }
                ],
                "node_config": [
                  {
                    "advanced_machine_features": [],
                    "boot_disk_kms_key": "",
                    "disk_size_gb": 100,
                    "disk_type": "pd-standard",
                    "ephemeral_storage_local_ssd_config": [],
                    "gcfs_config": [],
                    "guest_accelerator": [],
                    "gvnic": [],
                    "image_type": "COS_CONTAINERD",
                    "kubelet_config": [],
                    "labels": {
                      "env": "coastal-stone-389311"
                    },
                    "linux_node_config": [],
                    "local_nvme_ssd_block_config": [],
                    "local_ssd_count": 0,
                    "logging_variant": "DEFAULT",
                    "machine_type": "e2-medium",
                    "metadata": {
                      "disable-legacy-endpoints": "true"
                    },
                    "min_cpu_platform": "",
                    "node_group": "",
                    "oauth_scopes": [
                      "https://www.googleapis.com/auth/logging.write",
                      "https://www.googleapis.com/auth/monitoring"
                    ],
                    "preemptible": false,
                    "reservation_affinity": [],
                    "resource_labels": {},
                    "service_account": "default",
                    "shielded_instance_config": [
                      {
                        "enable_integrity_monitoring": true,
                        "enable_secure_boot": false
                      }
                    ],
                    "spot": false,
                    "tags": [
                      "gke-node",
                      "coastal-stone-389311-gke"
                    ],
                    "taint": [],
                    "workload_metadata_config": []
                  }
                ],
                "node_count": 0,
                "node_locations": [
                  "europe-west1-b",
                  "europe-west1-c",
                  "europe-west1-d"
                ],
                "placement_policy": [],
                "upgrade_settings": [
                  {
                    "blue_green_settings": [],
                    "max_surge": 1,
                    "max_unavailable": 0,
                    "strategy": "SURGE"
                  }
                ],
                "version": "1.21.14-gke.18800"
              }
            ],
            "node_pool_defaults": [
              {
                "node_config_defaults": [
                  {
                    "logging_variant": "DEFAULT"
                  }
                ]
              }
            ],
            "node_version": "1.21.14-gke.18800",
            "notification_config": [
              {
                "pubsub": [
                  {
                    "enabled": false,
                    "filter": [],
                    "topic": ""
                  }
                ]
              }
            ],
            "operation": null,
            "private_cluster_config": [
              {
                "enable_private_endpoint": false,
                "enable_private_nodes": true,
                "master_global_access_config": [
                  {
                    "enabled": false
                  }
                ],
                "master_ipv4_cidr_block": "10.0.10.0/28",
                "peering_name": "gke-n5a8384bb2ed5edde063-aa6e-05e9-peer",
                "private_endpoint": "10.0.10.2",
                "private_endpoint_subnetwork": "",
                "public_endpoint": "35.240.62.84"
              }
            ],
            "private_ipv6_google_access": "",
            "project": "coastal-stone-389311",
            "release_channel": [
              {
                "channel": "STABLE"
              }
            ],
            "remove_default_node_pool": true,
            "resource_labels": {},
            "resource_usage_export_config": [],
            "self_link": "https://container.googleapis.com/v1/projects/coastal-stone-389311/locations/europe-west1/clusters/coastal-stone-389311",
            "service_external_ips_config": [
              {
                "enabled": false
              }
            ],
            "services_ipv4_cidr": "10.84.0.0/20",
            "subnetwork": "projects/coastal-stone-389311/regions/europe-west1/subnetworks/coastal-stone-389311-subnet",
            "timeouts": null,
            "tpu_ipv4_cidr_block": "",
            "vertical_pod_autoscaling": [],
            "workload_identity_config": []
          },
          "sensitive_attributes": [],
          "private": "eyJlMmJmYjczMC1lY2FhLTExZTYtOGY4OC0zNDM2M2JjN2M0YzAiOnsiY3JlYXRlIjoyNDAwMDAwMDAwMDAwLCJkZWxldGUiOjI0MDAwMDAwMDAwMDAsInJlYWQiOjI0MDAwMDAwMDAwMDAsInVwZGF0ZSI6MzYwMDAwMDAwMDAwMH0sInNjaGVtYV92ZXJzaW9uIjoiMSJ9"
        }
      ]
    },
    {
      "mode": "managed",
      "type": "google_container_node_pool",
      "name": "second_node",
      "provider": "provider[\"registry.terraform.io/hashicorp/google\"]",
      "instances": [
        {
          "schema_version": 1,
          "attributes": {
            "autoscaling": [],
            "cluster": "coastal-stone-389311",
            "id": "projects/coastal-stone-389311/locations/europe-west1/clusters/coastal-stone-389311/nodePools/coastal-stone-389311",
            "initial_node_count": 1,
            "instance_group_urls": [
              "https://www.googleapis.com/compute/v1/projects/coastal-stone-389311/zones/europe-west1-d/instanceGroupManagers/gke-coastal-stone-38-coastal-stone-38-28bd9285-grp",
              "https://www.googleapis.com/compute/v1/projects/coastal-stone-389311/zones/europe-west1-c/instanceGroupManagers/gke-coastal-stone-38-coastal-stone-38-c10bc330-grp",
              "https://www.googleapis.com/compute/v1/projects/coastal-stone-389311/zones/europe-west1-b/instanceGroupManagers/gke-coastal-stone-38-coastal-stone-38-0bfdc95d-grp"
            ],
            "location": "europe-west1",
            "managed_instance_group_urls": [
              "https://www.googleapis.com/compute/v1/projects/coastal-stone-389311/zones/europe-west1-d/instanceGroups/gke-coastal-stone-38-coastal-stone-38-28bd9285-grp",
              "https://www.googleapis.com/compute/v1/projects/coastal-stone-389311/zones/europe-west1-c/instanceGroups/gke-coastal-stone-38-coastal-stone-38-c10bc330-grp",
              "https://www.googleapis.com/compute/v1/projects/coastal-stone-389311/zones/europe-west1-b/instanceGroups/gke-coastal-stone-38-coastal-stone-38-0bfdc95d-grp"
            ],
            "management": [
              {
                "auto_repair": true,
                "auto_upgrade": true
              }
            ],
            "max_pods_per_node": 110,
            "name": "coastal-stone-389311",
            "name_prefix": "",
            "network_config": [
              {
                "create_pod_range": false,
                "enable_private_nodes": false,
                "pod_cidr_overprovision_config": [],
                "pod_ipv4_cidr_block": "10.80.0.0/14",
                "pod_range": "gke-coastal-stone-389311-pods-d5db46a8"
              }
            ],
            "node_config": [
              {
                "advanced_machine_features": [],
                "boot_disk_kms_key": "",
                "disk_size_gb": 100,
                "disk_type": "pd-standard",
                "ephemeral_storage_local_ssd_config": [],
                "gcfs_config": [],
                "guest_accelerator": [],
                "gvnic": [],
                "image_type": "COS_CONTAINERD",
                "kubelet_config": [],
                "labels": {
                  "env": "coastal-stone-389311"
                },
                "linux_node_config": [],
                "local_nvme_ssd_block_config": [],
                "local_ssd_count": 0,
                "logging_variant": "DEFAULT",
                "machine_type": "e2-medium",
                "metadata": {
                  "disable-legacy-endpoints": "true"
                },
                "min_cpu_platform": "",
                "node_group": "",
                "oauth_scopes": [
                  "https://www.googleapis.com/auth/logging.write",
                  "https://www.googleapis.com/auth/monitoring"
                ],
                "preemptible": false,
                "reservation_affinity": [],
                "resource_labels": {},
                "service_account": "default",
                "shielded_instance_config": [
                  {
                    "enable_integrity_monitoring": true,
                    "enable_secure_boot": false
                  }
                ],
                "spot": false,
                "tags": [
                  "gke-node",
                  "coastal-stone-389311-gke"
                ],
                "taint": [],
                "workload_metadata_config": []
              }
            ],
            "node_count": 1,
            "node_locations": [
              "europe-west1-b",
              "europe-west1-c",
              "europe-west1-d"
            ],
            "operation": null,
            "placement_policy": [],
            "project": "coastal-stone-389311",
            "timeouts": null,
            "upgrade_settings": [
              {
                "blue_green_settings": [],
                "max_surge": 1,
                "max_unavailable": 0,
                "strategy": "SURGE"
              }
            ],
            "version": "1.21.14-gke.18800"
          },
          "sensitive_attributes": [],
          "private": "eyJlMmJmYjczMC1lY2FhLTExZTYtOGY4OC0zNDM2M2JjN2M0YzAiOnsiY3JlYXRlIjoxODAwMDAwMDAwMDAwLCJkZWxldGUiOjE4MDAwMDAwMDAwMDAsInVwZGF0ZSI6MTgwMDAwMDAwMDAwMH0sInNjaGVtYV92ZXJzaW9uIjoiMSJ9",
          "dependencies": [
            "google_container_cluster.main"
          ]
        }
      ]
    }
  ],
  "check_results": null
}
