{
  "version": 4,
  "terraform_version": "1.4.6",
  "serial": 13,
  "lineage": "69cc42fa-a9c4-659e-50f5-f08577a5710c",
  "outputs": {},
  "resources": [
    {
      "mode": "managed",
      "type": "google_compute_address",
      "name": "vm-lnx-01-ip",
      "provider": "provider[\"registry.terraform.io/hashicorp/google\"]",
      "instances": [
        {
          "schema_version": 0,
          "attributes": {
            "address": "34.78.17.14",
            "address_type": "EXTERNAL",
            "creation_timestamp": "2023-06-09T05:07:29.326-07:00",
            "description": "",
            "id": "projects/coastal-stone-389311/regions/europe-west1/addresses/vm-lnx-01-ip",
            "name": "vm-lnx-01-ip",
            "network": "",
            "network_tier": "PREMIUM",
            "prefix_length": 0,
            "project": "coastal-stone-389311",
            "purpose": "",
            "region": "europe-west1",
            "self_link": "https://www.googleapis.com/compute/v1/projects/coastal-stone-389311/regions/europe-west1/addresses/vm-lnx-01-ip",
            "subnetwork": "",
            "timeouts": null,
            "users": []
          },
          "sensitive_attributes": [],
          "private": "eyJlMmJmYjczMC1lY2FhLTExZTYtOGY4OC0zNDM2M2JjN2M0YzAiOnsiY3JlYXRlIjoxMjAwMDAwMDAwMDAwLCJkZWxldGUiOjEyMDAwMDAwMDAwMDB9fQ=="
        }
      ]
    },
    {
      "mode": "managed",
      "type": "google_compute_network",
      "name": "vpc",
      "provider": "provider[\"registry.terraform.io/hashicorp/google\"]",
      "instances": [
        {
          "schema_version": 0,
          "attributes": {
            "auto_create_subnetworks": false,
            "delete_default_routes_on_create": false,
            "description": "",
            "enable_ula_internal_ipv6": false,
            "gateway_ipv4": "",
            "id": "projects/coastal-stone-389311/global/networks/coastal-stone-389311-vpc",
            "internal_ipv6_range": "",
            "mtu": 0,
            "name": "coastal-stone-389311-vpc",
            "network_firewall_policy_enforcement_order": "AFTER_CLASSIC_FIREWALL",
            "project": "coastal-stone-389311",
            "routing_mode": "REGIONAL",
            "self_link": "https://www.googleapis.com/compute/v1/projects/coastal-stone-389311/global/networks/coastal-stone-389311-vpc",
            "timeouts": null
          },
          "sensitive_attributes": [],
          "private": "eyJlMmJmYjczMC1lY2FhLTExZTYtOGY4OC0zNDM2M2JjN2M0YzAiOnsiY3JlYXRlIjoxMjAwMDAwMDAwMDAwLCJkZWxldGUiOjEyMDAwMDAwMDAwMDAsInVwZGF0ZSI6MTIwMDAwMDAwMDAwMH19"
        }
      ]
    },
    {
      "mode": "managed",
      "type": "google_container_node_pool",
      "name": "second_node",
      "provider": "provider[\"registry.terraform.io/hashicorp/google\"]",
      "instances": []
    }
  ],
  "check_results": null
}
